
Microsoft Visual Studio Solution File, Format Version 12.00
# Visual Studio 15
VisualStudioVersion = 15.0.28307.1082
MinimumVisualStudioVersion = 10.0.40219.1
Project("{8BC9CEB8-8B4A-11D0-8D11-00A0C91BC942}") = "Intro", "Intro\Intro.vcxproj", "{8731E72F-E060-4251-8A73-AF6C89BE34E9}"
EndProject
Project("{8BC9CEB8-8B4A-11D0-8D11-00A0C91BC942}") = "Point", "Point\Point.vcxproj", "{1381F975-3CDA-4ED7-9A9A-1C66C9775670}"
EndProject
Project("{8BC9CEB8-8B4A-11D0-8D11-00A0C91BC942}") = "Fraction", "Fraction\Fraction.vcxproj", "{55BB33C6-43F5-485D-985C-021792721656}"
EndProject
Project("{8BC9CEB8-8B4A-11D0-8D11-00A0C91BC942}") = "HomeWork", "HomeWork\HomeWork.vcxproj", "{555270C2-D7E2-4B97-98E3-67B0860CE810}"
EndProject
Global
	GlobalSection(SolutionConfigurationPlatforms) = preSolution
		Debug|x64 = Debug|x64
		Debug|x86 = Debug|x86
		Release|x64 = Release|x64
		Release|x86 = Release|x86
	EndGlobalSection
	GlobalSection(ProjectConfigurationPlatforms) = postSolution
		{8731E72F-E060-4251-8A73-AF6C89BE34E9}.Debug|x64.ActiveCfg = Debug|x64
		{8731E72F-E060-4251-8A73-AF6C89BE34E9}.Debug|x64.Build.0 = Debug|x64
		{8731E72F-E060-4251-8A73-AF6C89BE34E9}.Debug|x86.ActiveCfg = Debug|Win32
		{8731E72F-E060-4251-8A73-AF6C89BE34E9}.Debug|x86.Build.0 = Debug|Win32
		{8731E72F-E060-4251-8A73-AF6C89BE34E9}.Release|x64.ActiveCfg = Release|x64
		{8731E72F-E060-4251-8A73-AF6C89BE34E9}.Release|x64.Build.0 = Release|x64
		{8731E72F-E060-4251-8A73-AF6C89BE34E9}.Release|x86.ActiveCfg = Release|Win32
		{8731E72F-E060-4251-8A73-AF6C89BE34E9}.Release|x86.Build.0 = Release|Win32
		{1381F975-3CDA-4ED7-9A9A-1C66C9775670}.Debug|x64.ActiveCfg = Debug|x64
		{1381F975-3CDA-4ED7-9A9A-1C66C9775670}.Debug|x64.Build.0 = Debug|x64
		{1381F975-3CDA-4ED7-9A9A-1C66C9775670}.Debug|x86.ActiveCfg = Debug|Win32
		{1381F975-3CDA-4ED7-9A9A-1C66C9775670}.Debug|x86.Build.0 = Debug|Win32
		{1381F975-3CDA-4ED7-9A9A-1C66C9775670}.Release|x64.ActiveCfg = Release|x64
		{1381F975-3CDA-4ED7-9A9A-1C66C9775670}.Release|x64.Build.0 = Release|x64
		{1381F975-3CDA-4ED7-9A9A-1C66C9775670}.Release|x86.ActiveCfg = Release|Win32
		{1381F975-3CDA-4ED7-9A9A-1C66C9775670}.Release|x86.Build.0 = Release|Win32
		{55BB33C6-43F5-485D-985C-021792721656}.Debug|x64.ActiveCfg = Debug|x64
		{55BB33C6-43F5-485D-985C-021792721656}.Debug|x64.Build.0 = Debug|x64
		{55BB33C6-43F5-485D-985C-021792721656}.Debug|x86.ActiveCfg = Debug|Win32
		{55BB33C6-43F5-485D-985C-021792721656}.Debug|x86.Build.0 = Debug|Win32
		{55BB33C6-43F5-485D-985C-021792721656}.Release|x64.ActiveCfg = Release|x64
		{55BB33C6-43F5-485D-985C-021792721656}.Release|x64.Build.0 = Release|x64
		{55BB33C6-43F5-485D-985C-021792721656}.Release|x86.ActiveCfg = Release|Win32
		{55BB33C6-43F5-485D-985C-021792721656}.Release|x86.Build.0 = Release|Win32
		{555270C2-D7E2-4B97-98E3-67B0860CE810}.Debug|x64.ActiveCfg = Debug|x64
		{555270C2-D7E2-4B97-98E3-67B0860CE810}.Debug|x64.Build.0 = Debug|x64
		{555270C2-D7E2-4B97-98E3-67B0860CE810}.Debug|x86.ActiveCfg = Debug|Win32
		{555270C2-D7E2-4B97-98E3-67B0860CE810}.Debug|x86.Build.0 = Debug|Win32
		{555270C2-D7E2-4B97-98E3-67B0860CE810}.Release|x64.ActiveCfg = Release|x64
		{555270C2-D7E2-4B97-98E3-67B0860CE810}.Release|x64.Build.0 = Release|x64
		{555270C2-D7E2-4B97-98E3-67B0860CE810}.Release|x86.ActiveCfg = Release|Win32
		{555270C2-D7E2-4B97-98E3-67B0860CE810}.Release|x86.Build.0 = Release|Win32
	EndGlobalSection
	GlobalSection(SolutionProperties) = preSolution
		HideSolutionNode = FALSE
	EndGlobalSection
	GlobalSection(ExtensibilityGlobals) = postSolution
		SolutionGuid = {733F102D-1C81-4C32-A7A5-732CC4BE07C7}
	EndGlobalSection
EndGlobal
